
Microsoft Visual Studio Solution File, Format Version 12.00
# Visual Studio 15
VisualStudioVersion = 15.0.28010.2016
MinimumVisualStudioVersion = 10.0.40219.1
Project("{FAE04EC0-301F-11D3-BF4B-00C04F79EFBC}") = "HomeTask4", "HomeTask4\HomeTask4.csproj", "{8E785373-1285-46B3-9807-2AF672C3D3B4}"
EndProject
Global
	GlobalSection(SolutionConfigurationPlatforms) = preSolution
		Debug|Any CPU = Debug|Any CPU
		Release|Any CPU = Release|Any CPU
	EndGlobalSection
	GlobalSection(ProjectConfigurationPlatforms) = postSolution
		{8E785373-1285-46B3-9807-2AF672C3D3B4}.Debug|Any CPU.ActiveCfg = Debug|Any CPU
		{8E785373-1285-46B3-9807-2AF672C3D3B4}.Debug|Any CPU.Build.0 = Debug|Any CPU
		{8E785373-1285-46B3-9807-2AF672C3D3B4}.Release|Any CPU.ActiveCfg = Release|Any CPU
		{8E785373-1285-46B3-9807-2AF672C3D3B4}.Release|Any CPU.Build.0 = Release|Any CPU
	EndGlobalSection
	GlobalSection(SolutionProperties) = preSolution
		HideSolutionNode = FALSE
	EndGlobalSection
	GlobalSection(ExtensibilityGlobals) = postSolution
		SolutionGuid = {E822CA8B-18F9-4705-94FB-704FA3D0409A}
	EndGlobalSection
EndGlobal
